
Microsoft Visual Studio Solution File, Format Version 12.00
# Visual Studio Version 17
VisualStudioVersion = 17.14.36327.8 d17.14
MinimumVisualStudioVersion = 10.0.40219.1
Project("{FAE04EC0-301F-11D3-BF4B-00C04F79EFBC}") = "DistributedStorageService", "DistributedStorageService.csproj", "{F211608B-4381-427F-A000-D8F8DE23371A}"
EndProject
Project("{FAE04EC0-301F-11D3-BF4B-00C04F79EFBC}") = "DataAccessService", "..\DataAccessService\DataAccessService.csproj", "{DEBE9734-9FAA-4F27-AF5C-7A99F2F9A239}"
EndProject
Project("{FAE04EC0-301F-11D3-BF4B-00C04F79EFBC}") = "DataCommonClasses", "..\DataCommonClasses\DataCommonClasses.csproj", "{2EFD40C6-5F4B-4FE6-80D1-86B1F45E6EAB}"
EndProject
Global
	GlobalSection(SolutionConfigurationPlatforms) = preSolution
		Debug|Any CPU = Debug|Any CPU
		Release|Any CPU = Release|Any CPU
	EndGlobalSection
	GlobalSection(ProjectConfigurationPlatforms) = postSolution
		{F211608B-4381-427F-A000-D8F8DE23371A}.Debug|Any CPU.ActiveCfg = Debug|Any CPU
		{F211608B-4381-427F-A000-D8F8DE23371A}.Debug|Any CPU.Build.0 = Debug|Any CPU
		{F211608B-4381-427F-A000-D8F8DE23371A}.Release|Any CPU.ActiveCfg = Release|Any CPU
		{F211608B-4381-427F-A000-D8F8DE23371A}.Release|Any CPU.Build.0 = Release|Any CPU
		{DEBE9734-9FAA-4F27-AF5C-7A99F2F9A239}.Debug|Any CPU.ActiveCfg = Debug|Any CPU
		{DEBE9734-9FAA-4F27-AF5C-7A99F2F9A239}.Debug|Any CPU.Build.0 = Debug|Any CPU
		{DEBE9734-9FAA-4F27-AF5C-7A99F2F9A239}.Release|Any CPU.ActiveCfg = Release|Any CPU
		{DEBE9734-9FAA-4F27-AF5C-7A99F2F9A239}.Release|Any CPU.Build.0 = Release|Any CPU
		{2EFD40C6-5F4B-4FE6-80D1-86B1F45E6EAB}.Debug|Any CPU.ActiveCfg = Debug|Any CPU
		{2EFD40C6-5F4B-4FE6-80D1-86B1F45E6EAB}.Debug|Any CPU.Build.0 = Debug|Any CPU
		{2EFD40C6-5F4B-4FE6-80D1-86B1F45E6EAB}.Release|Any CPU.ActiveCfg = Release|Any CPU
		{2EFD40C6-5F4B-4FE6-80D1-86B1F45E6EAB}.Release|Any CPU.Build.0 = Release|Any CPU
	EndGlobalSection
	GlobalSection(SolutionProperties) = preSolution
		HideSolutionNode = FALSE
	EndGlobalSection
	GlobalSection(ExtensibilityGlobals) = postSolution
		SolutionGuid = {80FD5D68-43CC-4BF0-940F-26D7B7E8E38E}
	EndGlobalSection
EndGlobal
